{
  "name": "eslint-config-xo-avanti",
  "version": "1.0.0",
  "lockfileVersion": 1,
  "requires": true,
  "dependencies": {
    "eslint-config-xo": {
      "version": "0.20.1",
      "resolved": "https://registry.npmjs.org/eslint-config-xo/-/eslint-config-xo-0.20.1.tgz",
      "integrity": "sha512-bhDRezvlbYNZn8SHv0WE8aPsdPtH3sq1IU2SznyOtmRwi6e/XQkzs+Kaw1hA9Pz4xmkG796egIsFY2RD6fwUeQ=="
    },
    "eslint-config-xo-space": {
      "version": "0.18.0",
      "resolved": "https://registry.npmjs.org/eslint-config-xo-space/-/eslint-config-xo-space-0.18.0.tgz",
      "integrity": "sha512-WtOEyZ4kvs2RDfK2bCQ24qlbJ8Izc/AfkjqD7DqKqXXih2I4brHxIoQwtgDdnbYWgFG4LuS/f6cn7zBE/JVLSw==",
      "requires": {
        "eslint-config-xo": "0.20.1"
      }
    },
    "eslint-plugin-babel": {
      "version": "5.0.0",
      "resolved": "https://registry.npmjs.org/eslint-plugin-babel/-/eslint-plugin-babel-5.0.0.tgz",
      "integrity": "sha512-3PKku6ooQln7VAtmmTkSHUPMFeDonGajpzYD6n3+X5t3sKK7X4REE07M38Mrti2NMYGLbeo5V3nMOGzUaMDP9Q==",
      "requires": {
        "eslint-rule-composer": "0.1.1"
      }
    },
    "eslint-rule-composer": {
      "version": "0.1.1",
      "resolved": "https://registry.npmjs.org/eslint-rule-composer/-/eslint-rule-composer-0.1.1.tgz",
      "integrity": "sha512-uzndZyjTG+nWr0qDhZ/Oe6jruGlFhMcUcqy0OfZBRQ8h491N9SpnBkooE/miE3W3IfYXDn9eHyE+pvQNPAe82Q=="
    }
  }
}
